
Microsoft Visual Studio Solution File, Format Version 12.00
# Visual Studio 15
VisualStudioVersion = 15.0.26730.15
MinimumVisualStudioVersion = 10.0.40219.1
Project("{FAE04EC0-301F-11D3-BF4B-00C04F79EFBC}") = "Trie", "Trie\Trie.csproj", "{8256E3E3-891B-4C28-A3B7-3373A6E05A67}"
EndProject
Global
	GlobalSection(SolutionConfigurationPlatforms) = preSolution
		Debug|Any CPU = Debug|Any CPU
		Release|Any CPU = Release|Any CPU
	EndGlobalSection
	GlobalSection(ProjectConfigurationPlatforms) = postSolution
		{8256E3E3-891B-4C28-A3B7-3373A6E05A67}.Debug|Any CPU.ActiveCfg = Debug|Any CPU
		{8256E3E3-891B-4C28-A3B7-3373A6E05A67}.Debug|Any CPU.Build.0 = Debug|Any CPU
		{8256E3E3-891B-4C28-A3B7-3373A6E05A67}.Release|Any CPU.ActiveCfg = Release|Any CPU
		{8256E3E3-891B-4C28-A3B7-3373A6E05A67}.Release|Any CPU.Build.0 = Release|Any CPU
	EndGlobalSection
	GlobalSection(SolutionProperties) = preSolution
		HideSolutionNode = FALSE
	EndGlobalSection
	GlobalSection(ExtensibilityGlobals) = postSolution
		SolutionGuid = {32204B79-F2AB-4C2D-82B0-8A9657C7C102}
	EndGlobalSection
EndGlobal
